// !$*UTF8*$!
{
	archiveVersion = 1;
	classes = {
	};
	objectVersion = 50;
	objects = {

/* Begin PBXBuildFile section */
		BCDCD6A7254C0E370012B231 /* AppDelegate.swift in Sources */ = {isa = PBXBuildFile; fileRef = BCDCD6A6254C0E370012B231 /* AppDelegate.swift */; };
		BCDCD6A9254C0E370012B231 /* SceneDelegate.swift in Sources */ = {isa = PBXBuildFile; fileRef = BCDCD6A8254C0E370012B231 /* SceneDelegate.swift */; };
		BCDCD6AB254C0E370012B231 /* ViewController.swift in Sources */ = {isa = PBXBuildFile; fileRef = BCDCD6AA254C0E370012B231 /* ViewController.swift */; };
		BCDCD6AE254C0E370012B231 /* Main.storyboard in Resources */ = {isa = PBXBuildFile; fileRef = BCDCD6AC254C0E370012B231 /* Main.storyboard */; };
		BCDCD6B1254C0E370012B231 /* ToDo.xcdatamodeld in Sources */ = {isa = PBXBuildFile; fileRef = BCDCD6AF254C0E370012B231 /* ToDo.xcdatamodeld */; };
		BCDCD6B3254C0E380012B231 /* Assets.xcassets in Resources */ = {isa = PBXBuildFile; fileRef = BCDCD6B2254C0E380012B231 /* Assets.xcassets */; };
		BCDCD6B6254C0E380012B231 /* LaunchScreen.storyboard in Resources */ = {isa = PBXBuildFile; fileRef = BCDCD6B4254C0E380012B231 /* LaunchScreen.storyboard */; };
		BCDCD6BF254C0F970012B231 /* СheckBox.swift in Sources */ = {isa = PBXBuildFile; fileRef = BCDCD6BE254C0F970012B231 /* СheckBox.swift */; };
		BCDCD6C2254C14660012B231 /* ToDoTableViewCell.swift in Sources */ = {isa = PBXBuildFile; fileRef = BCDCD6C1254C14660012B231 /* ToDoTableViewCell.swift */; };
/* End PBXBuildFile section */

/* Begin PBXFileReference section */
		BCDCD6A3254C0E370012B231 /* ToDo.app */ = {isa = PBXFileReference; explicitFileType = wrapper.application; includeInIndex = 0; path = ToDo.app; sourceTree = BUILT_PRODUCTS_DIR; };
		BCDCD6A6254C0E370012B231 /* AppDelegate.swift */ = {isa = PBXFileReference; lastKnownFileType = sourcecode.swift; path = AppDelegate.swift; sourceTree = "<group>"; };
		BCDCD6A8254C0E370012B231 /* SceneDelegate.swift */ = {isa = PBXFileReference; lastKnownFileType = sourcecode.swift; path = SceneDelegate.swift; sourceTree = "<group>"; };
		BCDCD6AA254C0E370012B231 /* ViewController.swift */ = {isa = PBXFileReference; lastKnownFileType = sourcecode.swift; path = ViewController.swift; sourceTree = "<group>"; };
		BCDCD6AD254C0E370012B231 /* Base */ = {isa = PBXFileReference; lastKnownFileType = file.storyboard; name = Base; path = Base.lproj/Main.storyboard; sourceTree = "<group>"; };
		BCDCD6B0254C0E370012B231 /* ToDo.xcdatamodel */ = {isa = PBXFileReference; lastKnownFileType = wrapper.xcdatamodel; path = ToDo.xcdatamodel; sourceTree = "<group>"; };
		BCDCD6B2254C0E380012B231 /* Assets.xcassets */ = {isa = PBXFileReference; lastKnownFileType = folder.assetcatalog; path = Assets.xcassets; sourceTree = "<group>"; };
		BCDCD6B5254C0E380012B231 /* Base */ = {isa = PBXFileReference; lastKnownFileType = file.storyboard; name = Base; path = Base.lproj/LaunchScreen.storyboard; sourceTree = "<group>"; };
		BCDCD6B7254C0E380012B231 /* Info.plist */ = {isa = PBXFileReference; lastKnownFileType = text.plist.xml; path = Info.plist; sourceTree = "<group>"; };
		BCDCD6BE254C0F970012B231 /* СheckBox.swift */ = {isa = PBXFileReference; lastKnownFileType = sourcecode.swift; path = "СheckBox.swift"; sourceTree = "<group>"; };
		BCDCD6C1254C14660012B231 /* ToDoTableViewCell.swift */ = {isa = PBXFileReference; lastKnownFileType = sourcecode.swift; path = ToDoTableViewCell.swift; sourceTree = "<group>"; };
/* End PBXFileReference section */

/* Begin PBXFrameworksBuildPhase section */
		BCDCD6A0254C0E370012B231 /* Frameworks */ = {
			isa = PBXFrameworksBuildPhase;
			buildActionMask = 2147483647;
			files = (
			);
			runOnlyForDeploymentPostprocessing = 0;
		};
/* End PBXFrameworksBuildPhase section */

/* Begin PBXGroup section */
		BCDCD69A254C0E370012B231 = {
			isa = PBXGroup;
			children = (
				BCDCD6A5254C0E370012B231 /* ToDo */,
				BCDCD6A4254C0E370012B231 /* Products */,
			);
			sourceTree = "<group>";
		};
		BCDCD6A4254C0E370012B231 /* Products */ = {
			isa = PBXGroup;
			children = (
				BCDCD6A3254C0E370012B231 /* ToDo.app */,
			);
			name = Products;
			sourceTree = "<group>";
		};
		BCDCD6A5254C0E370012B231 /* ToDo */ = {
			isa = PBXGroup;
			children = (
				BCDCD6A6254C0E370012B231 /* AppDelegate.swift */,
				BCDCD6A8254C0E370012B231 /* SceneDelegate.swift */,
				BCDCD6AA254C0E370012B231 /* ViewController.swift */,
				BCDCD6AC254C0E370012B231 /* Main.storyboard */,
				BCDCD6BE254C0F970012B231 /* СheckBox.swift */,
				BCDCD6B2254C0E380012B231 /* Assets.xcassets */,
				BCDCD6B4254C0E380012B231 /* LaunchScreen.storyboard */,
				BCDCD6B7254C0E380012B231 /* Info.plist */,
				BCDCD6AF254C0E370012B231 /* ToDo.xcdatamodeld */,
				BCDCD6C1254C14660012B231 /* ToDoTableViewCell.swift */,
			);
			path = ToDo;
			sourceTree = "<group>";
		};
/* End PBXGroup section */

/* Begin PBXNativeTarget section */
		BCDCD6A2254C0E370012B231 /* ToDo */ = {
			isa = PBXNativeTarget;
			buildConfigurationList = BCDCD6BA254C0E380012B231 /* Build configuration list for PBXNativeTarget "ToDo" */;
			buildPhases = (
				BCDCD69F254C0E370012B231 /* Sources */,
				BCDCD6A0254C0E370012B231 /* Frameworks */,
				BCDCD6A1254C0E370012B231 /* Resources */,
			);
			buildRules = (
			);
			dependencies = (
			);
			name = ToDo;
			productName = ToDo;
			productReference = BCDCD6A3254C0E370012B231 /* ToDo.app */;
			productType = "com.apple.product-type.application";
		};
/* End PBXNativeTarget section */

/* Begin PBXProject section */
		BCDCD69B254C0E370012B231 /* Project object */ = {
			isa = PBXProject;
			attributes = {
				LastSwiftUpdateCheck = 1210;
				LastUpgradeCheck = 1210;
				TargetAttributes = {
					BCDCD6A2254C0E370012B231 = {
						CreatedOnToolsVersion = 12.1;
					};
				};
			};
			buildConfigurationList = BCDCD69E254C0E370012B231 /* Build configuration list for PBXProject "ToDo" */;
			compatibilityVersion = "Xcode 9.3";
			developmentRegion = en;
			hasScannedForEncodings = 0;
			knownRegions = (
				en,
				Base,
			);
			mainGroup = BCDCD69A254C0E370012B231;
			productRefGroup = BCDCD6A4254C0E370012B231 /* Products */;
			projectDirPath = "";
			projectRoot = "";
			targets = (
				BCDCD6A2254C0E370012B231 /* ToDo */,
			);
		};
/* End PBXProject section */

/* Begin PBXResourcesBuildPhase section */
		BCDCD6A1254C0E370012B231 /* Resources */ = {
			isa = PBXResourcesBuildPhase;
			buildActionMask = 2147483647;
			files = (
				BCDCD6B6254C0E380012B231 /* LaunchScreen.storyboard in Resources */,
				BCDCD6B3254C0E380012B231 /* Assets.xcassets in Resources */,
				BCDCD6AE254C0E370012B231 /* Main.storyboard in Resources */,
			);
			runOnlyForDeploymentPostprocessing = 0;
		};
/* End PBXResourcesBuildPhase section */

/* Begin PBXSourcesBuildPhase section */
		BCDCD69F254C0E370012B231 /* Sources */ = {
			isa = PBXSourcesBuildPhase;
			buildActionMask = 2147483647;
			files = (
				BCDCD6BF254C0F970012B231 /* СheckBox.swift in Sources */,
				BCDCD6AB254C0E370012B231 /* ViewController.swift in Sources */,
				BCDCD6A7254C0E370012B231 /* AppDelegate.swift in Sources */,
				BCDCD6A9254C0E370012B231 /* SceneDelegate.swift in Sources */,
				BCDCD6B1254C0E370012B231 /* ToDo.xcdatamodeld in Sources */,
				BCDCD6C2254C14660012B231 /* ToDoTableViewCell.swift in Sources */,
			);
			runOnlyForDeploymentPostprocessing = 0;
		};
/* End PBXSourcesBuildPhase section */

/* Begin PBXVariantGroup section */
		BCDCD6AC254C0E370012B231 /* Main.storyboard */ = {
			isa = PBXVariantGroup;
			children = (
				BCDCD6AD254C0E370012B231 /* Base */,
			);
			name = Main.storyboard;
			sourceTree = "<group>";
		};
		BCDCD6B4254C0E380012B231 /* LaunchScreen.storyboard */ = {
			isa = PBXVariantGroup;
			children = (
				BCDCD6B5254C0E380012B231 /* Base */,
			);
			name = LaunchScreen.storyboard;
			sourceTree = "<group>";
		};
/* End PBXVariantGroup section */

/* Begin XCBuildConfiguration section */
		BCDCD6B8254C0E380012B231 /* Debug */ = {
			isa = XCBuildConfiguration;
			buildSettings = {
				ALWAYS_SEARCH_USER_PATHS = NO;
				CLANG_ANALYZER_NONNULL = YES;
				CLANG_ANALYZER_NUMBER_OBJECT_CONVERSION = YES_AGGRESSIVE;
				CLANG_CXX_LANGUAGE_STANDARD = "gnu++14";
				CLANG_CXX_LIBRARY = "libc++";
				CLANG_ENABLE_MODULES = YES;
				CLANG_ENABLE_OBJC_ARC = YES;
				CLANG_ENABLE_OBJC_WEAK = YES;
				CLANG_WARN_BLOCK_CAPTURE_AUTORELEASING = YES;
				CLANG_WARN_BOOL_CONVERSION = YES;
				CLANG_WARN_COMMA = YES;
				CLANG_WARN_CONSTANT_CONVERSION = YES;
				CLANG_WARN_DEPRECATED_OBJC_IMPLEMENTATIONS = YES;
				CLANG_WARN_DIRECT_OBJC_ISA_USAGE = YES_ERROR;
				CLANG_WARN_DOCUMENTATION_COMMENTS = YES;
				CLANG_WARN_EMPTY_BODY = YES;
				CLANG_WARN_ENUM_CONVERSION = YES;
				CLANG_WARN_INFINITE_RECURSION = YES;
				CLANG_WARN_INT_CONVERSION = YES;
				CLANG_WARN_NON_LITERAL_NULL_CONVERSION = YES;
				CLANG_WARN_OBJC_IMPLICIT_RETAIN_SELF = YES;
				CLANG_WARN_OBJC_LITERAL_CONVERSION = YES;
				CLANG_WARN_OBJC_ROOT_CLASS = YES_ERROR;
				CLANG_WARN_QUOTED_INCLUDE_IN_FRAMEWORK_HEADER = YES;
				CLANG_WARN_RANGE_LOOP_ANALYSIS = YES;
				CLANG_WARN_STRICT_PROTOTYPES = YES;
				CLANG_WARN_SUSPICIOUS_MOVE = YES;
				CLANG_WARN_UNGUARDED_AVAILABILITY = YES_AGGRESSIVE;
				CLANG_WARN_UNREACHABLE_CODE = YES;
				CLANG_WARN__DUPLICATE_METHOD_MATCH = YES;
				COPY_PHASE_STRIP = NO;
				DEBUG_INFORMATION_FORMAT = dwarf;
				ENABLE_STRICT_OBJC_MSGSEND = YES;
				ENABLE_TESTABILITY = YES;
				GCC_C_LANGUAGE_STANDARD = gnu11;
				GCC_DYNAMIC_NO_PIC = NO;
				GCC_NO_COMMON_BLOCKS = YES;
				GCC_OPTIMIZATION_LEVEL = 0;
				GCC_PREPROCESSOR_DEFINITIONS = (
					"DEBUG=1",
					"$(inherited)",
				);
				GCC_WARN_64_TO_32_BIT_CONVERSION = YES;
				GCC_WARN_ABOUT_RETURN_TYPE = YES_ERROR;
				GCC_WARN_UNDECLARED_SELECTOR = YES;
				GCC_WARN_UNINITIALIZED_AUTOS = YES_AGGRESSIVE;
				GCC_WARN_UNUSED_FUNCTION = YES;
				GCC_WARN_UNUSED_VARIABLE = YES;
				IPHONEOS_DEPLOYMENT_TARGET = 14.1;
				MTL_ENABLE_DEBUG_INFO = INCLUDE_SOURCE;
				MTL_FAST_MATH = YES;
				ONLY_ACTIVE_ARCH = YES;
				SDKROOT = iphoneos;
				SWIFT_ACTIVE_COMPILATION_CONDITIONS = DEBUG;
				SWIFT_OPTIMIZATION_LEVEL = "-Onone";
			};
			name = Debug;
		};
		BCDCD6B9254C0E380012B231 /* Release */ = {
			isa = XCBuildConfiguration;
			buildSettings = {
				ALWAYS_SEARCH_USER_PATHS = NO;
				CLANG_ANALYZER_NONNULL = YES;
				CLANG_ANALYZER_NUMBER_OBJECT_CONVERSION = YES_AGGRESSIVE;
				CLANG_CXX_LANGUAGE_STANDARD = "gnu++14";
				CLANG_CXX_LIBRARY = "libc++";
				CLANG_ENABLE_MODULES = YES;
				CLANG_ENABLE_OBJC_ARC = YES;
				CLANG_ENABLE_OBJC_WEAK = YES;
				CLANG_WARN_BLOCK_CAPTURE_AUTORELEASING = YES;
				CLANG_WARN_BOOL_CONVERSION = YES;
				CLANG_WARN_COMMA = YES;
				CLANG_WARN_CONSTANT_CONVERSION = YES;
				CLANG_WARN_DEPRECATED_OBJC_IMPLEMENTATIONS = YES;
				CLANG_WARN_DIRECT_OBJC_ISA_USAGE = YES_ERROR;
				CLANG_WARN_DOCUMENTATION_COMMENTS = YES;
				CLANG_WARN_EMPTY_BODY = YES;
				CLANG_WARN_ENUM_CONVERSION = YES;
				CLANG_WARN_INFINITE_RECURSION = YES;
				CLANG_WARN_INT_CONVERSION = YES;
				CLANG_WARN_NON_LITERAL_NULL_CONVERSION = YES;
				CLANG_WARN_OBJC_IMPLICIT_RETAIN_SELF = YES;
				CLANG_WARN_OBJC_LITERAL_CONVERSION = YES;
				CLANG_WARN_OBJC_ROOT_CLASS = YES_ERROR;
				CLANG_WARN_QUOTED_INCLUDE_IN_FRAMEWORK_HEADER = YES;
				CLANG_WARN_RANGE_LOOP_ANALYSIS = YES;
				CLANG_WARN_STRICT_PROTOTYPES = YES;
				CLANG_WARN_SUSPICIOUS_MOVE = YES;
				CLANG_WARN_UNGUARDED_AVAILABILITY = YES_AGGRESSIVE;
				CLANG_WARN_UNREACHABLE_CODE = YES;
				CLANG_WARN__DUPLICATE_METHOD_MATCH = YES;
				COPY_PHASE_STRIP = NO;
				DEBUG_INFORMATION_FORMAT = "dwarf-with-dsym";
				ENABLE_NS_ASSERTIONS = NO;
				ENABLE_STRICT_OBJC_MSGSEND = YES;
				GCC_C_LANGUAGE_STANDARD = gnu11;
				GCC_NO_COMMON_BLOCKS = YES;
				GCC_WARN_64_TO_32_BIT_CONVERSION = YES;
				GCC_WARN_ABOUT_RETURN_TYPE = YES_ERROR;
				GCC_WARN_UNDECLARED_SELECTOR = YES;
				GCC_WARN_UNINITIALIZED_AUTOS = YES_AGGRESSIVE;
				GCC_WARN_UNUSED_FUNCTION = YES;
				GCC_WARN_UNUSED_VARIABLE = YES;
				IPHONEOS_DEPLOYMENT_TARGET = 14.1;
				MTL_ENABLE_DEBUG_INFO = NO;
				MTL_FAST_MATH = YES;
				SDKROOT = iphoneos;
				SWIFT_COMPILATION_MODE = wholemodule;
				SWIFT_OPTIMIZATION_LEVEL = "-O";
				VALIDATE_PRODUCT = YES;
			};
			name = Release;
		};
		BCDCD6BB254C0E380012B231 /* Debug */ = {
			isa = XCBuildConfiguration;
			buildSettings = {
				ASSETCATALOG_COMPILER_APPICON_NAME = AppIcon;
				ASSETCATALOG_COMPILER_GLOBAL_ACCENT_COLOR_NAME = AccentColor;
				CODE_SIGN_STYLE = Automatic;
				DEVELOPMENT_TEAM = FH9R39U9P3;
				INFOPLIST_FILE = ToDo/Info.plist;
				LD_RUNPATH_SEARCH_PATHS = (
					"$(inherited)",
					"@executable_path/Frameworks",
				);
				PRODUCT_BUNDLE_IDENTIFIER = com.wcgb.ToDo;
				PRODUCT_NAME = "$(TARGET_NAME)";
				SWIFT_VERSION = 5.0;
				TARGETED_DEVICE_FAMILY = "1,2";
			};
			name = Debug;
		};
		BCDCD6BC254C0E380012B231 /* Release */ = {
			isa = XCBuildConfiguration;
			buildSettings = {
				ASSETCATALOG_COMPILER_APPICON_NAME = AppIcon;
				ASSETCATALOG_COMPILER_GLOBAL_ACCENT_COLOR_NAME = AccentColor;
				CODE_SIGN_STYLE = Automatic;
				DEVELOPMENT_TEAM = FH9R39U9P3;
				INFOPLIST_FILE = ToDo/Info.plist;
				LD_RUNPATH_SEARCH_PATHS = (
					"$(inherited)",
					"@executable_path/Frameworks",
				);
				PRODUCT_BUNDLE_IDENTIFIER = com.wcgb.ToDo;
				PRODUCT_NAME = "$(TARGET_NAME)";
				SWIFT_VERSION = 5.0;
				TARGETED_DEVICE_FAMILY = "1,2";
			};
			name = Release;
		};
/* End XCBuildConfiguration section */

/* Begin XCConfigurationList section */
		BCDCD69E254C0E370012B231 /* Build configuration list for PBXProject "ToDo" */ = {
			isa = XCConfigurationList;
			buildConfigurations = (
				BCDCD6B8254C0E380012B231 /* Debug */,
				BCDCD6B9254C0E380012B231 /* Release */,
			);
			defaultConfigurationIsVisible = 0;
			defaultConfigurationName = Release;
		};
		BCDCD6BA254C0E380012B231 /* Build configuration list for PBXNativeTarget "ToDo" */ = {
			isa = XCConfigurationList;
			buildConfigurations = (
				BCDCD6BB254C0E380012B231 /* Debug */,
				BCDCD6BC254C0E380012B231 /* Release */,
			);
			defaultConfigurationIsVisible = 0;
			defaultConfigurationName = Release;
		};
/* End XCConfigurationList section */

/* Begin XCVersionGroup section */
		BCDCD6AF254C0E370012B231 /* ToDo.xcdatamodeld */ = {
			isa = XCVersionGroup;
			children = (
				BCDCD6B0254C0E370012B231 /* ToDo.xcdatamodel */,
			);
			currentVersion = BCDCD6B0254C0E370012B231 /* ToDo.xcdatamodel */;
			path = ToDo.xcdatamodeld;
			sourceTree = "<group>";
			versionGroupType = wrapper.xcdatamodel;
		};
/* End XCVersionGroup section */
	};
	rootObject = BCDCD69B254C0E370012B231 /* Project object */;
}
